// !$*UTF8*$!
{
	archiveVersion = 1;
	classes = {
	};
	objectVersion = 52;
	objects = {

/* Begin PBXBuildFile section */
		3E7353D120D7C2F8006AD64E /* Functions.swift in Sources */ = {isa = PBXBuildFile; fileRef = 3E7353D020D7C2F8006AD64E /* Functions.swift */; };
		5F4B328522E9A71600787B08 /* RealmWorker.swift in Sources */ = {isa = PBXBuildFile; fileRef = 5F4B328422E9A71600787B08 /* RealmWorker.swift */; };
		5F7C141B228C61B8001FD01A /* RealmExtensions.swift in Sources */ = {isa = PBXBuildFile; fileRef = 5F7C141A228C61B8001FD01A /* RealmExtensions.swift */; };
		5FD907AD23D71D5F0093E518 /* ServerTrustPolicyManagerExtenstions.swift in Sources */ = {isa = PBXBuildFile; fileRef = 5FD907AC23D71D5F0093E518 /* ServerTrustPolicyManagerExtenstions.swift */; };
		5FD907AF23D71D7A0093E518 /* SessionManagerExtensions.swift in Sources */ = {isa = PBXBuildFile; fileRef = 5FD907AE23D71D7A0093E518 /* SessionManagerExtensions.swift */; };
		5FD907B123D71DD50093E518 /* SessionManagerConfig.swift in Sources */ = {isa = PBXBuildFile; fileRef = 5FD907B023D71DD50093E518 /* SessionManagerConfig.swift */; };
		5FD907B323D71E180093E518 /* ThreadSchedulerWithRunLoop.swift in Sources */ = {isa = PBXBuildFile; fileRef = 5FD907B223D71E180093E518 /* ThreadSchedulerWithRunLoop.swift */; };
		5FD907B523D71E360093E518 /* ThreadWithRunLoop.swift in Sources */ = {isa = PBXBuildFile; fileRef = 5FD907B423D71E360093E518 /* ThreadWithRunLoop.swift */; };
		AB0340EB20161D7B00EDE101 /* OptionalExtensions.swift in Sources */ = {isa = PBXBuildFile; fileRef = AB0340EA20161D7B00EDE101 /* OptionalExtensions.swift */; };
		AB0340ED20161DC000EDE101 /* UINavigationControllerExtensions.swift in Sources */ = {isa = PBXBuildFile; fileRef = AB0340EC20161DC000EDE101 /* UINavigationControllerExtensions.swift */; };
		AB0340EF20161DED00EDE101 /* ArrayExtensions.swift in Sources */ = {isa = PBXBuildFile; fileRef = AB0340EE20161DED00EDE101 /* ArrayExtensions.swift */; };
		AB0340F120161E1F00EDE101 /* UIColorExtensions.swift in Sources */ = {isa = PBXBuildFile; fileRef = AB0340F020161E1F00EDE101 /* UIColorExtensions.swift */; };
		AB0340F320161E5500EDE101 /* UIViewExtensions.swift in Sources */ = {isa = PBXBuildFile; fileRef = AB0340F220161E5500EDE101 /* UIViewExtensions.swift */; };
		AB0340F520161E8B00EDE101 /* UIApplicationExtensions.swift in Sources */ = {isa = PBXBuildFile; fileRef = AB0340F420161E8B00EDE101 /* UIApplicationExtensions.swift */; };
		AB0340F72016206600EDE101 /* DictionaryExtensions.swift in Sources */ = {isa = PBXBuildFile; fileRef = AB0340F62016206600EDE101 /* DictionaryExtensions.swift */; };
		AB0340F92016216A00EDE101 /* StringExtensions.swift in Sources */ = {isa = PBXBuildFile; fileRef = AB0340F82016216A00EDE101 /* StringExtensions.swift */; };
		AB2FCA572015F69300EBA687 /* GetProductsRequest.swift in Sources */ = {isa = PBXBuildFile; fileRef = AB2FCA2D2015F69300EBA687 /* GetProductsRequest.swift */; };
		AB2FCA582015F69300EBA687 /* LocalStorage.swift in Sources */ = {isa = PBXBuildFile; fileRef = AB2FCA2E2015F69300EBA687 /* LocalStorage.swift */; };
		AB2FCA592015F69300EBA687 /* MainRepository.swift in Sources */ = {isa = PBXBuildFile; fileRef = AB2FCA2F2015F69300EBA687 /* MainRepository.swift */; };
		AB2FCA5A2015F69300EBA687 /* ProductsModel.swift in Sources */ = {isa = PBXBuildFile; fileRef = AB2FCA302015F69300EBA687 /* ProductsModel.swift */; };
		AB2FCA5B2015F69300EBA687 /* RealmBaseConfigurator.swift in Sources */ = {isa = PBXBuildFile; fileRef = AB2FCA312015F69300EBA687 /* RealmBaseConfigurator.swift */; };
		AB2FCA5C2015F69300EBA687 /* RemoteStorage.swift in Sources */ = {isa = PBXBuildFile; fileRef = AB2FCA322015F69300EBA687 /* RemoteStorage.swift */; };
		AB2FCA5D2015F69300EBA687 /* View.swift in Sources */ = {isa = PBXBuildFile; fileRef = AB2FCA332015F69300EBA687 /* View.swift */; };
		AB2FCA5E2015F69300EBA687 /* ViewController.swift in Sources */ = {isa = PBXBuildFile; fileRef = AB2FCA342015F69300EBA687 /* ViewController.swift */; };
		AB2FCA5F2015F69300EBA687 /* ViewModel.swift in Sources */ = {isa = PBXBuildFile; fileRef = AB2FCA352015F69300EBA687 /* ViewModel.swift */; };
		AB2FCA602015F69300EBA687 /* ViewModelData.swift in Sources */ = {isa = PBXBuildFile; fileRef = AB2FCA362015F69300EBA687 /* ViewModelData.swift */; };
		AB2FCA612015F69300EBA687 /* RealmClientProtocol.swift in Sources */ = {isa = PBXBuildFile; fileRef = AB2FCA3A2015F69300EBA687 /* RealmClientProtocol.swift */; };
		AB2FCA622015F69300EBA687 /* RxRealmExtensions.swift in Sources */ = {isa = PBXBuildFile; fileRef = AB2FCA3B2015F69300EBA687 /* RxRealmExtensions.swift */; };
		AB2FCA632015F69300EBA687 /* DataManager.swift in Sources */ = {isa = PBXBuildFile; fileRef = AB2FCA3C2015F69300EBA687 /* DataManager.swift */; };
		AB2FCA642015F69300EBA687 /* ErrorHandler.swift in Sources */ = {isa = PBXBuildFile; fileRef = AB2FCA3E2015F69300EBA687 /* ErrorHandler.swift */; };
		AB2FCA652015F69300EBA687 /* StatusCodeProtocol.swift in Sources */ = {isa = PBXBuildFile; fileRef = AB2FCA3F2015F69300EBA687 /* StatusCodeProtocol.swift */; };
		AB2FCA662015F69300EBA687 /* ApiClientProtocol.swift in Sources */ = {isa = PBXBuildFile; fileRef = AB2FCA412015F69300EBA687 /* ApiClientProtocol.swift */; };
		AB2FCA672015F69300EBA687 /* ApiRequestProtocol.swift in Sources */ = {isa = PBXBuildFile; fileRef = AB2FCA422015F69300EBA687 /* ApiRequestProtocol.swift */; };
		AB2FCA682015F69300EBA687 /* Parser.swift in Sources */ = {isa = PBXBuildFile; fileRef = AB2FCA432015F69300EBA687 /* Parser.swift */; };
		AB2FCA692015F69300EBA687 /* RepositoryProtocol.swift in Sources */ = {isa = PBXBuildFile; fileRef = AB2FCA442015F69300EBA687 /* RepositoryProtocol.swift */; };
		AB2FCA6A2015F69300EBA687 /* DefaultErrorHandler.swift in Sources */ = {isa = PBXBuildFile; fileRef = AB2FCA462015F69300EBA687 /* DefaultErrorHandler.swift */; };
		AB2FCA6B2015F69300EBA687 /* DefaultLoaderView.swift in Sources */ = {isa = PBXBuildFile; fileRef = AB2FCA472015F69300EBA687 /* DefaultLoaderView.swift */; };
		AB2FCA6C2015F69300EBA687 /* DefaultProtocols.swift in Sources */ = {isa = PBXBuildFile; fileRef = AB2FCA482015F69300EBA687 /* DefaultProtocols.swift */; };
		AB2FCA6D2015F69300EBA687 /* GobalVariablePlaceholders.swift in Sources */ = {isa = PBXBuildFile; fileRef = AB2FCA4A2015F69300EBA687 /* GobalVariablePlaceholders.swift */; };
		AB2FCA6E2015F69300EBA687 /* Logger.swift in Sources */ = {isa = PBXBuildFile; fileRef = AB2FCA4B2015F69300EBA687 /* Logger.swift */; };
		AB2FCA6F2015F69300EBA687 /* PaginationProtocol.swift in Sources */ = {isa = PBXBuildFile; fileRef = AB2FCA4D2015F69300EBA687 /* PaginationProtocol.swift */; };
		AB2FCA702015F69300EBA687 /* StoryboardProtocol.swift in Sources */ = {isa = PBXBuildFile; fileRef = AB2FCA4E2015F69300EBA687 /* StoryboardProtocol.swift */; };
		AB2FCA712015F69300EBA687 /* ViewModelDataProtocol.swift in Sources */ = {isa = PBXBuildFile; fileRef = AB2FCA4F2015F69300EBA687 /* ViewModelDataProtocol.swift */; };
		AB2FCA722015F69300EBA687 /* ViewModelProtocol.swift in Sources */ = {isa = PBXBuildFile; fileRef = AB2FCA502015F69300EBA687 /* ViewModelProtocol.swift */; };
		AB2FCA732015F69300EBA687 /* BaseUIKit.swift in Sources */ = {isa = PBXBuildFile; fileRef = AB2FCA522015F69300EBA687 /* BaseUIKit.swift */; };
		AB2FCA742015F69300EBA687 /* LoadingViewProtocol.swift in Sources */ = {isa = PBXBuildFile; fileRef = AB2FCA532015F69300EBA687 /* LoadingViewProtocol.swift */; };
		AB2FCA752015F69300EBA687 /* RegisterViewProtocol.swift in Sources */ = {isa = PBXBuildFile; fileRef = AB2FCA542015F69300EBA687 /* RegisterViewProtocol.swift */; };
		AB2FCA762015F69300EBA687 /* ShadowleProtocol.swift in Sources */ = {isa = PBXBuildFile; fileRef = AB2FCA552015F69300EBA687 /* ShadowleProtocol.swift */; };
		AB2FCA772015F69300EBA687 /* TableAndCollectionHelpers.swift in Sources */ = {isa = PBXBuildFile; fileRef = AB2FCA562015F69300EBA687 /* TableAndCollectionHelpers.swift */; };
		ABF23A402004E791006C4D73 /* SWSkeleton.h in Headers */ = {isa = PBXBuildFile; fileRef = ABF23A3E2004E791006C4D73 /* SWSkeleton.h */; settings = {ATTRIBUTES = (Public, ); }; };
		C3FC7873719C4C5D954176D0 /* Pods_SWSkeleton.framework in Frameworks */ = {isa = PBXBuildFile; fileRef = 783940CE55913BB344ED91F7 /* Pods_SWSkeleton.framework */; };
		CE9B3259240510E600047881 /* UIViewControllerExtensions.swift in Sources */ = {isa = PBXBuildFile; fileRef = CE9B3258240510E600047881 /* UIViewControllerExtensions.swift */; };
/* End PBXBuildFile section */

/* Begin PBXFileReference section */
		3E7353D020D7C2F8006AD64E /* Functions.swift */ = {isa = PBXFileReference; lastKnownFileType = sourcecode.swift; path = Functions.swift; sourceTree = "<group>"; };
		5F4B328422E9A71600787B08 /* RealmWorker.swift */ = {isa = PBXFileReference; lastKnownFileType = sourcecode.swift; path = RealmWorker.swift; sourceTree = "<group>"; };
		5F7C141A228C61B8001FD01A /* RealmExtensions.swift */ = {isa = PBXFileReference; lastKnownFileType = sourcecode.swift; path = RealmExtensions.swift; sourceTree = "<group>"; };
		5FD907AC23D71D5F0093E518 /* ServerTrustPolicyManagerExtenstions.swift */ = {isa = PBXFileReference; lastKnownFileType = sourcecode.swift; path = ServerTrustPolicyManagerExtenstions.swift; sourceTree = "<group>"; };
		5FD907AE23D71D7A0093E518 /* SessionManagerExtensions.swift */ = {isa = PBXFileReference; lastKnownFileType = sourcecode.swift; path = SessionManagerExtensions.swift; sourceTree = "<group>"; };
		5FD907B023D71DD50093E518 /* SessionManagerConfig.swift */ = {isa = PBXFileReference; lastKnownFileType = sourcecode.swift; path = SessionManagerConfig.swift; sourceTree = "<group>"; };
		5FD907B223D71E180093E518 /* ThreadSchedulerWithRunLoop.swift */ = {isa = PBXFileReference; lastKnownFileType = sourcecode.swift; path = ThreadSchedulerWithRunLoop.swift; sourceTree = "<group>"; };
		5FD907B423D71E360093E518 /* ThreadWithRunLoop.swift */ = {isa = PBXFileReference; lastKnownFileType = sourcecode.swift; path = ThreadWithRunLoop.swift; sourceTree = "<group>"; };
		783940CE55913BB344ED91F7 /* Pods_SWSkeleton.framework */ = {isa = PBXFileReference; explicitFileType = wrapper.framework; includeInIndex = 0; path = Pods_SWSkeleton.framework; sourceTree = BUILT_PRODUCTS_DIR; };
		8437B6F28CEFA8AAC1E6C991 /* Pods-SWSkeleton.release.xcconfig */ = {isa = PBXFileReference; includeInIndex = 1; lastKnownFileType = text.xcconfig; name = "Pods-SWSkeleton.release.xcconfig"; path = "Pods/Target Support Files/Pods-SWSkeleton/Pods-SWSkeleton.release.xcconfig"; sourceTree = "<group>"; };
		AB0340EA20161D7B00EDE101 /* OptionalExtensions.swift */ = {isa = PBXFileReference; lastKnownFileType = sourcecode.swift; path = OptionalExtensions.swift; sourceTree = "<group>"; };
		AB0340EC20161DC000EDE101 /* UINavigationControllerExtensions.swift */ = {isa = PBXFileReference; lastKnownFileType = sourcecode.swift; path = UINavigationControllerExtensions.swift; sourceTree = "<group>"; };
		AB0340EE20161DED00EDE101 /* ArrayExtensions.swift */ = {isa = PBXFileReference; lastKnownFileType = sourcecode.swift; path = ArrayExtensions.swift; sourceTree = "<group>"; };
		AB0340F020161E1F00EDE101 /* UIColorExtensions.swift */ = {isa = PBXFileReference; lastKnownFileType = sourcecode.swift; path = UIColorExtensions.swift; sourceTree = "<group>"; };
		AB0340F220161E5500EDE101 /* UIViewExtensions.swift */ = {isa = PBXFileReference; lastKnownFileType = sourcecode.swift; path = UIViewExtensions.swift; sourceTree = "<group>"; };
		AB0340F420161E8B00EDE101 /* UIApplicationExtensions.swift */ = {isa = PBXFileReference; lastKnownFileType = sourcecode.swift; path = UIApplicationExtensions.swift; sourceTree = "<group>"; };
		AB0340F62016206600EDE101 /* DictionaryExtensions.swift */ = {isa = PBXFileReference; lastKnownFileType = sourcecode.swift; path = DictionaryExtensions.swift; sourceTree = "<group>"; };
		AB0340F82016216A00EDE101 /* StringExtensions.swift */ = {isa = PBXFileReference; lastKnownFileType = sourcecode.swift; path = StringExtensions.swift; sourceTree = "<group>"; };
		AB2FCA2D2015F69300EBA687 /* GetProductsRequest.swift */ = {isa = PBXFileReference; fileEncoding = 4; lastKnownFileType = sourcecode.swift; path = GetProductsRequest.swift; sourceTree = "<group>"; };
		AB2FCA2E2015F69300EBA687 /* LocalStorage.swift */ = {isa = PBXFileReference; fileEncoding = 4; lastKnownFileType = sourcecode.swift; path = LocalStorage.swift; sourceTree = "<group>"; };
		AB2FCA2F2015F69300EBA687 /* MainRepository.swift */ = {isa = PBXFileReference; fileEncoding = 4; lastKnownFileType = sourcecode.swift; path = MainRepository.swift; sourceTree = "<group>"; };
		AB2FCA302015F69300EBA687 /* ProductsModel.swift */ = {isa = PBXFileReference; fileEncoding = 4; lastKnownFileType = sourcecode.swift; path = ProductsModel.swift; sourceTree = "<group>"; };
		AB2FCA312015F69300EBA687 /* RealmBaseConfigurator.swift */ = {isa = PBXFileReference; fileEncoding = 4; lastKnownFileType = sourcecode.swift; path = RealmBaseConfigurator.swift; sourceTree = "<group>"; };
		AB2FCA322015F69300EBA687 /* RemoteStorage.swift */ = {isa = PBXFileReference; fileEncoding = 4; lastKnownFileType = sourcecode.swift; path = RemoteStorage.swift; sourceTree = "<group>"; };
		AB2FCA332015F69300EBA687 /* View.swift */ = {isa = PBXFileReference; fileEncoding = 4; lastKnownFileType = sourcecode.swift; path = View.swift; sourceTree = "<group>"; };
		AB2FCA342015F69300EBA687 /* ViewController.swift */ = {isa = PBXFileReference; fileEncoding = 4; lastKnownFileType = sourcecode.swift; path = ViewController.swift; sourceTree = "<group>"; };
		AB2FCA352015F69300EBA687 /* ViewModel.swift */ = {isa = PBXFileReference; fileEncoding = 4; lastKnownFileType = sourcecode.swift; path = ViewModel.swift; sourceTree = "<group>"; };
		AB2FCA362015F69300EBA687 /* ViewModelData.swift */ = {isa = PBXFileReference; fileEncoding = 4; lastKnownFileType = sourcecode.swift; path = ViewModelData.swift; sourceTree = "<group>"; };
		AB2FCA3A2015F69300EBA687 /* RealmClientProtocol.swift */ = {isa = PBXFileReference; fileEncoding = 4; lastKnownFileType = sourcecode.swift; path = RealmClientProtocol.swift; sourceTree = "<group>"; };
		AB2FCA3B2015F69300EBA687 /* RxRealmExtensions.swift */ = {isa = PBXFileReference; fileEncoding = 4; lastKnownFileType = sourcecode.swift; path = RxRealmExtensions.swift; sourceTree = "<group>"; };
		AB2FCA3C2015F69300EBA687 /* DataManager.swift */ = {isa = PBXFileReference; fileEncoding = 4; lastKnownFileType = sourcecode.swift; path = DataManager.swift; sourceTree = "<group>"; };
		AB2FCA3E2015F69300EBA687 /* ErrorHandler.swift */ = {isa = PBXFileReference; fileEncoding = 4; lastKnownFileType = sourcecode.swift; path = ErrorHandler.swift; sourceTree = "<group>"; };
		AB2FCA3F2015F69300EBA687 /* StatusCodeProtocol.swift */ = {isa = PBXFileReference; fileEncoding = 4; lastKnownFileType = sourcecode.swift; path = StatusCodeProtocol.swift; sourceTree = "<group>"; };
		AB2FCA412015F69300EBA687 /* ApiClientProtocol.swift */ = {isa = PBXFileReference; fileEncoding = 4; lastKnownFileType = sourcecode.swift; path = ApiClientProtocol.swift; sourceTree = "<group>"; };
		AB2FCA422015F69300EBA687 /* ApiRequestProtocol.swift */ = {isa = PBXFileReference; fileEncoding = 4; lastKnownFileType = sourcecode.swift; path = ApiRequestProtocol.swift; sourceTree = "<group>"; };
		AB2FCA432015F69300EBA687 /* Parser.swift */ = {isa = PBXFileReference; fileEncoding = 4; lastKnownFileType = sourcecode.swift; path = Parser.swift; sourceTree = "<group>"; };
		AB2FCA442015F69300EBA687 /* RepositoryProtocol.swift */ = {isa = PBXFileReference; fileEncoding = 4; lastKnownFileType = sourcecode.swift; path = RepositoryProtocol.swift; sourceTree = "<group>"; };
		AB2FCA462015F69300EBA687 /* DefaultErrorHandler.swift */ = {isa = PBXFileReference; fileEncoding = 4; lastKnownFileType = sourcecode.swift; path = DefaultErrorHandler.swift; sourceTree = "<group>"; };
		AB2FCA472015F69300EBA687 /* DefaultLoaderView.swift */ = {isa = PBXFileReference; fileEncoding = 4; lastKnownFileType = sourcecode.swift; path = DefaultLoaderView.swift; sourceTree = "<group>"; };
		AB2FCA482015F69300EBA687 /* DefaultProtocols.swift */ = {isa = PBXFileReference; fileEncoding = 4; lastKnownFileType = sourcecode.swift; path = DefaultProtocols.swift; sourceTree = "<group>"; };
		AB2FCA4A2015F69300EBA687 /* GobalVariablePlaceholders.swift */ = {isa = PBXFileReference; fileEncoding = 4; lastKnownFileType = sourcecode.swift; path = GobalVariablePlaceholders.swift; sourceTree = "<group>"; };
		AB2FCA4B2015F69300EBA687 /* Logger.swift */ = {isa = PBXFileReference; fileEncoding = 4; lastKnownFileType = sourcecode.swift; path = Logger.swift; sourceTree = "<group>"; };
		AB2FCA4D2015F69300EBA687 /* PaginationProtocol.swift */ = {isa = PBXFileReference; fileEncoding = 4; lastKnownFileType = sourcecode.swift; path = PaginationProtocol.swift; sourceTree = "<group>"; };
		AB2FCA4E2015F69300EBA687 /* StoryboardProtocol.swift */ = {isa = PBXFileReference; fileEncoding = 4; lastKnownFileType = sourcecode.swift; path = StoryboardProtocol.swift; sourceTree = "<group>"; };
		AB2FCA4F2015F69300EBA687 /* ViewModelDataProtocol.swift */ = {isa = PBXFileReference; fileEncoding = 4; lastKnownFileType = sourcecode.swift; path = ViewModelDataProtocol.swift; sourceTree = "<group>"; };
		AB2FCA502015F69300EBA687 /* ViewModelProtocol.swift */ = {isa = PBXFileReference; fileEncoding = 4; lastKnownFileType = sourcecode.swift; path = ViewModelProtocol.swift; sourceTree = "<group>"; };
		AB2FCA522015F69300EBA687 /* BaseUIKit.swift */ = {isa = PBXFileReference; fileEncoding = 4; lastKnownFileType = sourcecode.swift; path = BaseUIKit.swift; sourceTree = "<group>"; };
		AB2FCA532015F69300EBA687 /* LoadingViewProtocol.swift */ = {isa = PBXFileReference; fileEncoding = 4; lastKnownFileType = sourcecode.swift; path = LoadingViewProtocol.swift; sourceTree = "<group>"; };
		AB2FCA542015F69300EBA687 /* RegisterViewProtocol.swift */ = {isa = PBXFileReference; fileEncoding = 4; lastKnownFileType = sourcecode.swift; path = RegisterViewProtocol.swift; sourceTree = "<group>"; };
		AB2FCA552015F69300EBA687 /* ShadowleProtocol.swift */ = {isa = PBXFileReference; fileEncoding = 4; lastKnownFileType = sourcecode.swift; path = ShadowleProtocol.swift; sourceTree = "<group>"; };
		AB2FCA562015F69300EBA687 /* TableAndCollectionHelpers.swift */ = {isa = PBXFileReference; fileEncoding = 4; lastKnownFileType = sourcecode.swift; path = TableAndCollectionHelpers.swift; sourceTree = "<group>"; };
		ABF23A3B2004E791006C4D73 /* SWSkeleton.framework */ = {isa = PBXFileReference; explicitFileType = wrapper.framework; includeInIndex = 0; path = SWSkeleton.framework; sourceTree = BUILT_PRODUCTS_DIR; };
		ABF23A3E2004E791006C4D73 /* SWSkeleton.h */ = {isa = PBXFileReference; lastKnownFileType = sourcecode.c.h; path = SWSkeleton.h; sourceTree = "<group>"; };
		ABF23A3F2004E791006C4D73 /* Info.plist */ = {isa = PBXFileReference; lastKnownFileType = text.plist.xml; path = Info.plist; sourceTree = "<group>"; };
		CE9B3258240510E600047881 /* UIViewControllerExtensions.swift */ = {isa = PBXFileReference; lastKnownFileType = sourcecode.swift; path = UIViewControllerExtensions.swift; sourceTree = "<group>"; };
		CF24BA3DF636BB4B0DF3DF9D /* Pods-SWSkeleton.debug.xcconfig */ = {isa = PBXFileReference; includeInIndex = 1; lastKnownFileType = text.xcconfig; name = "Pods-SWSkeleton.debug.xcconfig"; path = "Pods/Target Support Files/Pods-SWSkeleton/Pods-SWSkeleton.debug.xcconfig"; sourceTree = "<group>"; };
/* End PBXFileReference section */

/* Begin PBXFrameworksBuildPhase section */
		ABF23A372004E791006C4D73 /* Frameworks */ = {
			isa = PBXFrameworksBuildPhase;
			buildActionMask = 2147483647;
			files = (
				C3FC7873719C4C5D954176D0 /* Pods_SWSkeleton.framework in Frameworks */,
			);
			runOnlyForDeploymentPostprocessing = 0;
		};
/* End PBXFrameworksBuildPhase section */

/* Begin PBXGroup section */
		AB1137F3201615B7001B4F53 /* Extensions */ = {
			isa = PBXGroup;
			children = (
				AB0340EA20161D7B00EDE101 /* OptionalExtensions.swift */,
				AB0340F62016206600EDE101 /* DictionaryExtensions.swift */,
				AB0340EC20161DC000EDE101 /* UINavigationControllerExtensions.swift */,
				AB0340EE20161DED00EDE101 /* ArrayExtensions.swift */,
				AB0340F020161E1F00EDE101 /* UIColorExtensions.swift */,
				AB0340F220161E5500EDE101 /* UIViewExtensions.swift */,
				AB0340F420161E8B00EDE101 /* UIApplicationExtensions.swift */,
				AB0340F82016216A00EDE101 /* StringExtensions.swift */,
				3E7353D020D7C2F8006AD64E /* Functions.swift */,
				5FD907AC23D71D5F0093E518 /* ServerTrustPolicyManagerExtenstions.swift */,
				5FD907AE23D71D7A0093E518 /* SessionManagerExtensions.swift */,
				CE9B3258240510E600047881 /* UIViewControllerExtensions.swift */,
			);
			path = Extensions;
			sourceTree = "<group>";
		};
		AB2FCA2C2015F69300EBA687 /* Example */ = {
			isa = PBXGroup;
			children = (
				AB2FCA2D2015F69300EBA687 /* GetProductsRequest.swift */,
				AB2FCA2E2015F69300EBA687 /* LocalStorage.swift */,
				AB2FCA2F2015F69300EBA687 /* MainRepository.swift */,
				AB2FCA302015F69300EBA687 /* ProductsModel.swift */,
				AB2FCA312015F69300EBA687 /* RealmBaseConfigurator.swift */,
				AB2FCA322015F69300EBA687 /* RemoteStorage.swift */,
				AB2FCA332015F69300EBA687 /* View.swift */,
				AB2FCA342015F69300EBA687 /* ViewController.swift */,
				AB2FCA352015F69300EBA687 /* ViewModel.swift */,
				AB2FCA362015F69300EBA687 /* ViewModelData.swift */,
			);
			path = Example;
			sourceTree = "<group>";
		};
		AB2FCA372015F69300EBA687 /* Core */ = {
			isa = PBXGroup;
			children = (
				AB1137F3201615B7001B4F53 /* Extensions */,
				AB2FCA382015F69300EBA687 /* DataLayer */,
				AB2FCA452015F69300EBA687 /* DefaultImplementation */,
				AB2FCA492015F69300EBA687 /* Helpers */,
				AB2FCA4C2015F69300EBA687 /* Protocols */,
				AB2FCA512015F69300EBA687 /* UILayer */,
			);
			path = Core;
			sourceTree = "<group>";
		};
		AB2FCA382015F69300EBA687 /* DataLayer */ = {
			isa = PBXGroup;
			children = (
				AB2FCA392015F69300EBA687 /* DataBaseLayer */,
				AB2FCA3C2015F69300EBA687 /* DataManager.swift */,
				AB2FCA3D2015F69300EBA687 /* ErrorHandling */,
				AB2FCA402015F69300EBA687 /* NetworkLayer */,
				AB2FCA442015F69300EBA687 /* RepositoryProtocol.swift */,
			);
			path = DataLayer;
			sourceTree = "<group>";
		};
		AB2FCA392015F69300EBA687 /* DataBaseLayer */ = {
			isa = PBXGroup;
			children = (
				AB2FCA3A2015F69300EBA687 /* RealmClientProtocol.swift */,
				AB2FCA3B2015F69300EBA687 /* RxRealmExtensions.swift */,
				5F7C141A228C61B8001FD01A /* RealmExtensions.swift */,
				5F4B328422E9A71600787B08 /* RealmWorker.swift */,
				5FD907B223D71E180093E518 /* ThreadSchedulerWithRunLoop.swift */,
				5FD907B423D71E360093E518 /* ThreadWithRunLoop.swift */,
			);
			path = DataBaseLayer;
			sourceTree = "<group>";
		};
		AB2FCA3D2015F69300EBA687 /* ErrorHandling */ = {
			isa = PBXGroup;
			children = (
				AB2FCA3E2015F69300EBA687 /* ErrorHandler.swift */,
				AB2FCA3F2015F69300EBA687 /* StatusCodeProtocol.swift */,
			);
			path = ErrorHandling;
			sourceTree = "<group>";
		};
		AB2FCA402015F69300EBA687 /* NetworkLayer */ = {
			isa = PBXGroup;
			children = (
				AB2FCA412015F69300EBA687 /* ApiClientProtocol.swift */,
				AB2FCA422015F69300EBA687 /* ApiRequestProtocol.swift */,
				AB2FCA432015F69300EBA687 /* Parser.swift */,
				5FD907B023D71DD50093E518 /* SessionManagerConfig.swift */,
			);
			path = NetworkLayer;
			sourceTree = "<group>";
		};
		AB2FCA452015F69300EBA687 /* DefaultImplementation */ = {
			isa = PBXGroup;
			children = (
				AB2FCA462015F69300EBA687 /* DefaultErrorHandler.swift */,
				AB2FCA472015F69300EBA687 /* DefaultLoaderView.swift */,
				AB2FCA482015F69300EBA687 /* DefaultProtocols.swift */,
			);
			path = DefaultImplementation;
			sourceTree = "<group>";
		};
		AB2FCA492015F69300EBA687 /* Helpers */ = {
			isa = PBXGroup;
			children = (
				AB2FCA4A2015F69300EBA687 /* GobalVariablePlaceholders.swift */,
				AB2FCA4B2015F69300EBA687 /* Logger.swift */,
			);
			path = Helpers;
			sourceTree = "<group>";
		};
		AB2FCA4C2015F69300EBA687 /* Protocols */ = {
			isa = PBXGroup;
			children = (
				AB2FCA4D2015F69300EBA687 /* PaginationProtocol.swift */,
				AB2FCA4E2015F69300EBA687 /* StoryboardProtocol.swift */,
				AB2FCA4F2015F69300EBA687 /* ViewModelDataProtocol.swift */,
				AB2FCA502015F69300EBA687 /* ViewModelProtocol.swift */,
			);
			path = Protocols;
			sourceTree = "<group>";
		};
		AB2FCA512015F69300EBA687 /* UILayer */ = {
			isa = PBXGroup;
			children = (
				AB2FCA522015F69300EBA687 /* BaseUIKit.swift */,
				AB2FCA532015F69300EBA687 /* LoadingViewProtocol.swift */,
				AB2FCA542015F69300EBA687 /* RegisterViewProtocol.swift */,
				AB2FCA552015F69300EBA687 /* ShadowleProtocol.swift */,
				AB2FCA562015F69300EBA687 /* TableAndCollectionHelpers.swift */,
			);
			path = UILayer;
			sourceTree = "<group>";
		};
		ABF23A312004E791006C4D73 = {
			isa = PBXGroup;
			children = (
				ABF23A3D2004E791006C4D73 /* SWSkeleton */,
				ABF23A3C2004E791006C4D73 /* Products */,
				DA63C63BC044477F81DE1DDA /* Pods */,
				C88DC501E5444F9F0C3EE836 /* Frameworks */,
			);
			sourceTree = "<group>";
		};
		ABF23A3C2004E791006C4D73 /* Products */ = {
			isa = PBXGroup;
			children = (
				ABF23A3B2004E791006C4D73 /* SWSkeleton.framework */,
			);
			name = Products;
			sourceTree = "<group>";
		};
		ABF23A3D2004E791006C4D73 /* SWSkeleton */ = {
			isa = PBXGroup;
			children = (
				AB2FCA372015F69300EBA687 /* Core */,
				AB2FCA2C2015F69300EBA687 /* Example */,
				ABF23A3E2004E791006C4D73 /* SWSkeleton.h */,
				ABF23A3F2004E791006C4D73 /* Info.plist */,
			);
			path = SWSkeleton;
			sourceTree = "<group>";
		};
		C88DC501E5444F9F0C3EE836 /* Frameworks */ = {
			isa = PBXGroup;
			children = (
				783940CE55913BB344ED91F7 /* Pods_SWSkeleton.framework */,
			);
			name = Frameworks;
			sourceTree = "<group>";
		};
		DA63C63BC044477F81DE1DDA /* Pods */ = {
			isa = PBXGroup;
			children = (
				CF24BA3DF636BB4B0DF3DF9D /* Pods-SWSkeleton.debug.xcconfig */,
				8437B6F28CEFA8AAC1E6C991 /* Pods-SWSkeleton.release.xcconfig */,
			);
			name = Pods;
			sourceTree = "<group>";
		};
/* End PBXGroup section */

/* Begin PBXHeadersBuildPhase section */
		ABF23A382004E791006C4D73 /* Headers */ = {
			isa = PBXHeadersBuildPhase;
			buildActionMask = 2147483647;
			files = (
				ABF23A402004E791006C4D73 /* SWSkeleton.h in Headers */,
			);
			runOnlyForDeploymentPostprocessing = 0;
		};
/* End PBXHeadersBuildPhase section */

/* Begin PBXNativeTarget section */
		ABF23A3A2004E791006C4D73 /* SWSkeleton */ = {
			isa = PBXNativeTarget;
			buildConfigurationList = ABF23A432004E791006C4D73 /* Build configuration list for PBXNativeTarget "SWSkeleton" */;
			buildPhases = (
				F9133EB159C6065A08D35506 /* [CP] Check Pods Manifest.lock */,
				ABF23A362004E791006C4D73 /* Sources */,
				ABF23A372004E791006C4D73 /* Frameworks */,
				ABF23A382004E791006C4D73 /* Headers */,
				ABF23A392004E791006C4D73 /* Resources */,
			);
			buildRules = (
			);
			dependencies = (
			);
			name = SWSkeleton;
			productName = SWSkeleton;
			productReference = ABF23A3B2004E791006C4D73 /* SWSkeleton.framework */;
			productType = "com.apple.product-type.framework";
		};
/* End PBXNativeTarget section */

/* Begin PBXProject section */
		ABF23A322004E791006C4D73 /* Project object */ = {
			isa = PBXProject;
			attributes = {
				LastUpgradeCheck = 1020;
				ORGANIZATIONNAME = "Skywell Software";
				TargetAttributes = {
					ABF23A3A2004E791006C4D73 = {
						CreatedOnToolsVersion = 9.1;
						LastSwiftMigration = 1020;
						ProvisioningStyle = Automatic;
					};
				};
			};
			buildConfigurationList = ABF23A352004E791006C4D73 /* Build configuration list for PBXProject "SWSkeleton" */;
			compatibilityVersion = "Xcode 11.0";
			developmentRegion = en;
			hasScannedForEncodings = 0;
			knownRegions = (
				en,
			);
			mainGroup = ABF23A312004E791006C4D73;
			productRefGroup = ABF23A3C2004E791006C4D73 /* Products */;
			projectDirPath = "";
			projectRoot = "";
			targets = (
				ABF23A3A2004E791006C4D73 /* SWSkeleton */,
			);
		};
/* End PBXProject section */

/* Begin PBXResourcesBuildPhase section */
		ABF23A392004E791006C4D73 /* Resources */ = {
			isa = PBXResourcesBuildPhase;
			buildActionMask = 2147483647;
			files = (
			);
			runOnlyForDeploymentPostprocessing = 0;
		};
/* End PBXResourcesBuildPhase section */

/* Begin PBXShellScriptBuildPhase section */
		F9133EB159C6065A08D35506 /* [CP] Check Pods Manifest.lock */ = {
			isa = PBXShellScriptBuildPhase;
			buildActionMask = 2147483647;
			files = (
			);
			inputPaths = (
				"${PODS_PODFILE_DIR_PATH}/Podfile.lock",
				"${PODS_ROOT}/Manifest.lock",
			);
			name = "[CP] Check Pods Manifest.lock";
			outputPaths = (
				"$(DERIVED_FILE_DIR)/Pods-SWSkeleton-checkManifestLockResult.txt",
			);
			runOnlyForDeploymentPostprocessing = 0;
			shellPath = /bin/sh;
			shellScript = "diff \"${PODS_PODFILE_DIR_PATH}/Podfile.lock\" \"${PODS_ROOT}/Manifest.lock\" > /dev/null\nif [ $? != 0 ] ; then\n    # print error to STDERR\n    echo \"error: The sandbox is not in sync with the Podfile.lock. Run 'pod install' or update your CocoaPods installation.\" >&2\n    exit 1\nfi\n# This output is used by Xcode 'outputs' to avoid re-running this script phase.\necho \"SUCCESS\" > \"${SCRIPT_OUTPUT_FILE_0}\"\n";
			showEnvVarsInLog = 0;
		};
/* End PBXShellScriptBuildPhase section */

/* Begin PBXSourcesBuildPhase section */
		ABF23A362004E791006C4D73 /* Sources */ = {
			isa = PBXSourcesBuildPhase;
			buildActionMask = 2147483647;
			files = (
				AB0340ED20161DC000EDE101 /* UINavigationControllerExtensions.swift in Sources */,
				AB2FCA672015F69300EBA687 /* ApiRequestProtocol.swift in Sources */,
				AB2FCA5E2015F69300EBA687 /* ViewController.swift in Sources */,
				5F4B328522E9A71600787B08 /* RealmWorker.swift in Sources */,
				AB2FCA642015F69300EBA687 /* ErrorHandler.swift in Sources */,
				AB2FCA652015F69300EBA687 /* StatusCodeProtocol.swift in Sources */,
				AB2FCA722015F69300EBA687 /* ViewModelProtocol.swift in Sources */,
				AB0340F520161E8B00EDE101 /* UIApplicationExtensions.swift in Sources */,
				AB0340F92016216A00EDE101 /* StringExtensions.swift in Sources */,
				AB2FCA622015F69300EBA687 /* RxRealmExtensions.swift in Sources */,
				5FD907B323D71E180093E518 /* ThreadSchedulerWithRunLoop.swift in Sources */,
				AB0340EF20161DED00EDE101 /* ArrayExtensions.swift in Sources */,
				AB2FCA772015F69300EBA687 /* TableAndCollectionHelpers.swift in Sources */,
				AB0340EB20161D7B00EDE101 /* OptionalExtensions.swift in Sources */,
				AB0340F320161E5500EDE101 /* UIViewExtensions.swift in Sources */,
				AB2FCA5F2015F69300EBA687 /* ViewModel.swift in Sources */,
				AB2FCA612015F69300EBA687 /* RealmClientProtocol.swift in Sources */,
				5F7C141B228C61B8001FD01A /* RealmExtensions.swift in Sources */,
				AB2FCA6E2015F69300EBA687 /* Logger.swift in Sources */,
				AB2FCA6D2015F69300EBA687 /* GobalVariablePlaceholders.swift in Sources */,
				3E7353D120D7C2F8006AD64E /* Functions.swift in Sources */,
				AB2FCA692015F69300EBA687 /* RepositoryProtocol.swift in Sources */,
				5FD907B523D71E360093E518 /* ThreadWithRunLoop.swift in Sources */,
				AB2FCA6B2015F69300EBA687 /* DefaultLoaderView.swift in Sources */,
				AB2FCA6C2015F69300EBA687 /* DefaultProtocols.swift in Sources */,
				AB2FCA602015F69300EBA687 /* ViewModelData.swift in Sources */,
				AB2FCA592015F69300EBA687 /* MainRepository.swift in Sources */,
				AB2FCA742015F69300EBA687 /* LoadingViewProtocol.swift in Sources */,
				5FD907B123D71DD50093E518 /* SessionManagerConfig.swift in Sources */,
				AB2FCA5B2015F69300EBA687 /* RealmBaseConfigurator.swift in Sources */,
				AB2FCA572015F69300EBA687 /* GetProductsRequest.swift in Sources */,
				AB2FCA582015F69300EBA687 /* LocalStorage.swift in Sources */,
				AB2FCA6F2015F69300EBA687 /* PaginationProtocol.swift in Sources */,
				AB2FCA5A2015F69300EBA687 /* ProductsModel.swift in Sources */,
				AB0340F120161E1F00EDE101 /* UIColorExtensions.swift in Sources */,
				5FD907AF23D71D7A0093E518 /* SessionManagerExtensions.swift in Sources */,
				AB2FCA712015F69300EBA687 /* ViewModelDataProtocol.swift in Sources */,
				AB2FCA732015F69300EBA687 /* BaseUIKit.swift in Sources */,
				AB2FCA5D2015F69300EBA687 /* View.swift in Sources */,
				AB2FCA682015F69300EBA687 /* Parser.swift in Sources */,
				AB2FCA752015F69300EBA687 /* RegisterViewProtocol.swift in Sources */,
				CE9B3259240510E600047881 /* UIViewControllerExtensions.swift in Sources */,
				AB2FCA662015F69300EBA687 /* ApiClientProtocol.swift in Sources */,
				AB2FCA702015F69300EBA687 /* StoryboardProtocol.swift in Sources */,
				5FD907AD23D71D5F0093E518 /* ServerTrustPolicyManagerExtenstions.swift in Sources */,
				AB0340F72016206600EDE101 /* DictionaryExtensions.swift in Sources */,
				AB2FCA6A2015F69300EBA687 /* DefaultErrorHandler.swift in Sources */,
				AB2FCA762015F69300EBA687 /* ShadowleProtocol.swift in Sources */,
				AB2FCA632015F69300EBA687 /* DataManager.swift in Sources */,
				AB2FCA5C2015F69300EBA687 /* RemoteStorage.swift in Sources */,
			);
			runOnlyForDeploymentPostprocessing = 0;
		};
/* End PBXSourcesBuildPhase section */

/* Begin XCBuildConfiguration section */
		ABF23A412004E791006C4D73 /* Debug */ = {
			isa = XCBuildConfiguration;
			buildSettings = {
				ALWAYS_SEARCH_USER_PATHS = NO;
				CLANG_ANALYZER_NONNULL = YES;
				CLANG_ANALYZER_NUMBER_OBJECT_CONVERSION = YES_AGGRESSIVE;
				CLANG_CXX_LANGUAGE_STANDARD = "gnu++14";
				CLANG_CXX_LIBRARY = "libc++";
				CLANG_ENABLE_MODULES = YES;
				CLANG_ENABLE_OBJC_ARC = YES;
				CLANG_WARN_BLOCK_CAPTURE_AUTORELEASING = YES;
				CLANG_WARN_BOOL_CONVERSION = YES;
				CLANG_WARN_COMMA = YES;
				CLANG_WARN_CONSTANT_CONVERSION = YES;
				CLANG_WARN_DEPRECATED_OBJC_IMPLEMENTATIONS = YES;
				CLANG_WARN_DIRECT_OBJC_ISA_USAGE = YES_ERROR;
				CLANG_WARN_DOCUMENTATION_COMMENTS = YES;
				CLANG_WARN_EMPTY_BODY = YES;
				CLANG_WARN_ENUM_CONVERSION = YES;
				CLANG_WARN_INFINITE_RECURSION = YES;
				CLANG_WARN_INT_CONVERSION = YES;
				CLANG_WARN_NON_LITERAL_NULL_CONVERSION = YES;
				CLANG_WARN_OBJC_IMPLICIT_RETAIN_SELF = YES;
				CLANG_WARN_OBJC_LITERAL_CONVERSION = YES;
				CLANG_WARN_OBJC_ROOT_CLASS = YES_ERROR;
				CLANG_WARN_RANGE_LOOP_ANALYSIS = YES;
				CLANG_WARN_STRICT_PROTOTYPES = YES;
				CLANG_WARN_SUSPICIOUS_MOVE = YES;
				CLANG_WARN_UNGUARDED_AVAILABILITY = YES_AGGRESSIVE;
				CLANG_WARN_UNREACHABLE_CODE = YES;
				CLANG_WARN__DUPLICATE_METHOD_MATCH = YES;
				CODE_SIGN_IDENTITY = "iPhone Developer";
				COPY_PHASE_STRIP = NO;
				CURRENT_PROJECT_VERSION = 1;
				DEBUG_INFORMATION_FORMAT = dwarf;
				ENABLE_STRICT_OBJC_MSGSEND = YES;
				ENABLE_TESTABILITY = YES;
				GCC_C_LANGUAGE_STANDARD = gnu11;
				GCC_DYNAMIC_NO_PIC = NO;
				GCC_NO_COMMON_BLOCKS = YES;
				GCC_OPTIMIZATION_LEVEL = 0;
				GCC_PREPROCESSOR_DEFINITIONS = (
					"DEBUG=1",
					"$(inherited)",
				);
				GCC_WARN_64_TO_32_BIT_CONVERSION = YES;
				GCC_WARN_ABOUT_RETURN_TYPE = YES_ERROR;
				GCC_WARN_UNDECLARED_SELECTOR = YES;
				GCC_WARN_UNINITIALIZED_AUTOS = YES_AGGRESSIVE;
				GCC_WARN_UNUSED_FUNCTION = YES;
				GCC_WARN_UNUSED_VARIABLE = YES;
				IPHONEOS_DEPLOYMENT_TARGET = 11.0;
				MTL_ENABLE_DEBUG_INFO = YES;
				ONLY_ACTIVE_ARCH = YES;
				SDKROOT = iphoneos;
				SWIFT_ACTIVE_COMPILATION_CONDITIONS = DEBUG;
				SWIFT_OPTIMIZATION_LEVEL = "-Onone";
				VERSIONING_SYSTEM = "apple-generic";
				VERSION_INFO_PREFIX = "";
			};
			name = Debug;
		};
		ABF23A422004E791006C4D73 /* Release */ = {
			isa = XCBuildConfiguration;
			buildSettings = {
				ALWAYS_SEARCH_USER_PATHS = NO;
				CLANG_ANALYZER_NONNULL = YES;
				CLANG_ANALYZER_NUMBER_OBJECT_CONVERSION = YES_AGGRESSIVE;
				CLANG_CXX_LANGUAGE_STANDARD = "gnu++14";
				CLANG_CXX_LIBRARY = "libc++";
				CLANG_ENABLE_MODULES = YES;
				CLANG_ENABLE_OBJC_ARC = YES;
				CLANG_WARN_BLOCK_CAPTURE_AUTORELEASING = YES;
				CLANG_WARN_BOOL_CONVERSION = YES;
				CLANG_WARN_COMMA = YES;
				CLANG_WARN_CONSTANT_CONVERSION = YES;
				CLANG_WARN_DEPRECATED_OBJC_IMPLEMENTATIONS = YES;
				CLANG_WARN_DIRECT_OBJC_ISA_USAGE = YES_ERROR;
				CLANG_WARN_DOCUMENTATION_COMMENTS = YES;
				CLANG_WARN_EMPTY_BODY = YES;
				CLANG_WARN_ENUM_CONVERSION = YES;
				CLANG_WARN_INFINITE_RECURSION = YES;
				CLANG_WARN_INT_CONVERSION = YES;
				CLANG_WARN_NON_LITERAL_NULL_CONVERSION = YES;
				CLANG_WARN_OBJC_IMPLICIT_RETAIN_SELF = YES;
				CLANG_WARN_OBJC_LITERAL_CONVERSION = YES;
				CLANG_WARN_OBJC_ROOT_CLASS = YES_ERROR;
				CLANG_WARN_RANGE_LOOP_ANALYSIS = YES;
				CLANG_WARN_STRICT_PROTOTYPES = YES;
				CLANG_WARN_SUSPICIOUS_MOVE = YES;
				CLANG_WARN_UNGUARDED_AVAILABILITY = YES_AGGRESSIVE;
				CLANG_WARN_UNREACHABLE_CODE = YES;
				CLANG_WARN__DUPLICATE_METHOD_MATCH = YES;
				CODE_SIGN_IDENTITY = "iPhone Developer";
				COPY_PHASE_STRIP = NO;
				CURRENT_PROJECT_VERSION = 1;
				DEBUG_INFORMATION_FORMAT = "dwarf-with-dsym";
				ENABLE_NS_ASSERTIONS = NO;
				ENABLE_STRICT_OBJC_MSGSEND = YES;
				GCC_C_LANGUAGE_STANDARD = gnu11;
				GCC_NO_COMMON_BLOCKS = YES;
				GCC_WARN_64_TO_32_BIT_CONVERSION = YES;
				GCC_WARN_ABOUT_RETURN_TYPE = YES_ERROR;
				GCC_WARN_UNDECLARED_SELECTOR = YES;
				GCC_WARN_UNINITIALIZED_AUTOS = YES_AGGRESSIVE;
				GCC_WARN_UNUSED_FUNCTION = YES;
				GCC_WARN_UNUSED_VARIABLE = YES;
				IPHONEOS_DEPLOYMENT_TARGET = 11.0;
				MTL_ENABLE_DEBUG_INFO = NO;
				SDKROOT = iphoneos;
				SWIFT_COMPILATION_MODE = wholemodule;
				SWIFT_OPTIMIZATION_LEVEL = "-O";
				VALIDATE_PRODUCT = YES;
				VERSIONING_SYSTEM = "apple-generic";
				VERSION_INFO_PREFIX = "";
			};
			name = Release;
		};
		ABF23A442004E791006C4D73 /* Debug */ = {
			isa = XCBuildConfiguration;
			baseConfigurationReference = CF24BA3DF636BB4B0DF3DF9D /* Pods-SWSkeleton.debug.xcconfig */;
			buildSettings = {
				CODE_SIGN_IDENTITY = "";
				CODE_SIGN_STYLE = Automatic;
				DEFINES_MODULE = YES;
				DEVELOPMENT_TEAM = 7VXRH39AX7;
				DYLIB_COMPATIBILITY_VERSION = 1;
				DYLIB_CURRENT_VERSION = 1;
				DYLIB_INSTALL_NAME_BASE = "@rpath";
				INFOPLIST_FILE = SWSkeleton/Info.plist;
				INSTALL_PATH = "$(LOCAL_LIBRARY_DIR)/Frameworks";
				LD_RUNPATH_SEARCH_PATHS = (
					"$(inherited)",
					"@executable_path/Frameworks",
					"@loader_path/Frameworks",
				);
				PRODUCT_BUNDLE_IDENTIFIER = skywell.software.SWSkeleton;
				PRODUCT_NAME = "$(TARGET_NAME:c99extidentifier)";
				SKIP_INSTALL = YES;
				SWIFT_VERSION = 5.0;
				TARGETED_DEVICE_FAMILY = "1,2";
			};
			name = Debug;
		};
		ABF23A452004E791006C4D73 /* Release */ = {
			isa = XCBuildConfiguration;
			baseConfigurationReference = 8437B6F28CEFA8AAC1E6C991 /* Pods-SWSkeleton.release.xcconfig */;
			buildSettings = {
				CODE_SIGN_IDENTITY = "";
				CODE_SIGN_STYLE = Automatic;
				DEFINES_MODULE = YES;
				DEVELOPMENT_TEAM = 7VXRH39AX7;
				DYLIB_COMPATIBILITY_VERSION = 1;
				DYLIB_CURRENT_VERSION = 1;
				DYLIB_INSTALL_NAME_BASE = "@rpath";
				INFOPLIST_FILE = SWSkeleton/Info.plist;
				INSTALL_PATH = "$(LOCAL_LIBRARY_DIR)/Frameworks";
				LD_RUNPATH_SEARCH_PATHS = (
					"$(inherited)",
					"@executable_path/Frameworks",
					"@loader_path/Frameworks",
				);
				PRODUCT_BUNDLE_IDENTIFIER = skywell.software.SWSkeleton;
				PRODUCT_NAME = "$(TARGET_NAME:c99extidentifier)";
				SKIP_INSTALL = YES;
				SWIFT_VERSION = 5.0;
				TARGETED_DEVICE_FAMILY = "1,2";
			};
			name = Release;
		};
/* End XCBuildConfiguration section */

/* Begin XCConfigurationList section */
		ABF23A352004E791006C4D73 /* Build configuration list for PBXProject "SWSkeleton" */ = {
			isa = XCConfigurationList;
			buildConfigurations = (
				ABF23A412004E791006C4D73 /* Debug */,
				ABF23A422004E791006C4D73 /* Release */,
			);
			defaultConfigurationIsVisible = 0;
			defaultConfigurationName = Release;
		};
		ABF23A432004E791006C4D73 /* Build configuration list for PBXNativeTarget "SWSkeleton" */ = {
			isa = XCConfigurationList;
			buildConfigurations = (
				ABF23A442004E791006C4D73 /* Debug */,
				ABF23A452004E791006C4D73 /* Release */,
			);
			defaultConfigurationIsVisible = 0;
			defaultConfigurationName = Release;
		};
/* End XCConfigurationList section */
	};
	rootObject = ABF23A322004E791006C4D73 /* Project object */;
}
